
Microsoft Visual Studio Solution File, Format Version 12.00
# Visual Studio Version 16
VisualStudioVersion = 16.0.31727.386
MinimumVisualStudioVersion = 10.0.40219.1
Project("{FAE04EC0-301F-11D3-BF4B-00C04F79EFBC}") = "Gavriloaie_Adrian_Lab_2", "Gavriloaie_Adrian_Lab_2.csproj", "{018E13DF-8042-4E81-8D41-B33775209285}"
EndProject
Global
	GlobalSection(SolutionConfigurationPlatforms) = preSolution
		Debug|Any CPU = Debug|Any CPU
		Release|Any CPU = Release|Any CPU
	EndGlobalSection
	GlobalSection(ProjectConfigurationPlatforms) = postSolution
		{018E13DF-8042-4E81-8D41-B33775209285}.Debug|Any CPU.ActiveCfg = Debug|Any CPU
		{018E13DF-8042-4E81-8D41-B33775209285}.Debug|Any CPU.Build.0 = Debug|Any CPU
		{018E13DF-8042-4E81-8D41-B33775209285}.Release|Any CPU.ActiveCfg = Release|Any CPU
		{018E13DF-8042-4E81-8D41-B33775209285}.Release|Any CPU.Build.0 = Release|Any CPU
	EndGlobalSection
	GlobalSection(SolutionProperties) = preSolution
		HideSolutionNode = FALSE
	EndGlobalSection
	GlobalSection(ExtensibilityGlobals) = postSolution
		SolutionGuid = {C4FE1C98-422C-4871-906E-2FA626EBBA4A}
	EndGlobalSection
EndGlobal
